
Microsoft Visual Studio Solution File, Format Version 12.00
# Visual Studio Version 17
VisualStudioVersion = 17.11.35222.181
MinimumVisualStudioVersion = 10.0.40219.1
Project("{8BC9CEB8-8B4A-11D0-8D11-00A0C91BC942}") = "PR4.3", "PR4.3\PR4.3.vcxproj", "{AD560AFD-8E00-4882-AA69-AA51A846C050}"
EndProject
Global
	GlobalSection(SolutionConfigurationPlatforms) = preSolution
		Debug|x64 = Debug|x64
		Debug|x86 = Debug|x86
		Release|x64 = Release|x64
		Release|x86 = Release|x86
	EndGlobalSection
	GlobalSection(ProjectConfigurationPlatforms) = postSolution
		{AD560AFD-8E00-4882-AA69-AA51A846C050}.Debug|x64.ActiveCfg = Debug|x64
		{AD560AFD-8E00-4882-AA69-AA51A846C050}.Debug|x64.Build.0 = Debug|x64
		{AD560AFD-8E00-4882-AA69-AA51A846C050}.Debug|x86.ActiveCfg = Debug|Win32
		{AD560AFD-8E00-4882-AA69-AA51A846C050}.Debug|x86.Build.0 = Debug|Win32
		{AD560AFD-8E00-4882-AA69-AA51A846C050}.Release|x64.ActiveCfg = Release|x64
		{AD560AFD-8E00-4882-AA69-AA51A846C050}.Release|x64.Build.0 = Release|x64
		{AD560AFD-8E00-4882-AA69-AA51A846C050}.Release|x86.ActiveCfg = Release|Win32
		{AD560AFD-8E00-4882-AA69-AA51A846C050}.Release|x86.Build.0 = Release|Win32
	EndGlobalSection
	GlobalSection(SolutionProperties) = preSolution
		HideSolutionNode = FALSE
	EndGlobalSection
	GlobalSection(ExtensibilityGlobals) = postSolution
		SolutionGuid = {B249AE4F-5CCE-40A3-A89F-3C909BF33415}
	EndGlobalSection
EndGlobal
